
Microsoft Visual Studio Solution File, Format Version 12.00
# Visual Studio Version 16
VisualStudioVersion = 16.0.30011.22
MinimumVisualStudioVersion = 10.0.40219.1
Project("{9A19103F-16F7-4668-BE54-9A1E7A4F7556}") = "CarShowroomApp", "CarShowroomApp\CarShowroomApp.csproj", "{FCC83E75-227E-4E4D-81F8-3697FAE110C3}"
EndProject
Project("{FAE04EC0-301F-11D3-BF4B-00C04F79EFBC}") = "CarShowroomApp.Tests", "CarShowroomApp.Tests\CarShowroomApp.Tests.csproj", "{62687B6D-BB9C-4639-B9CE-4288289BFF99}"
EndProject
Global
	GlobalSection(SolutionConfigurationPlatforms) = preSolution
		Debug|Any CPU = Debug|Any CPU
		Release|Any CPU = Release|Any CPU
	EndGlobalSection
	GlobalSection(ProjectConfigurationPlatforms) = postSolution
		{FCC83E75-227E-4E4D-81F8-3697FAE110C3}.Debug|Any CPU.ActiveCfg = Debug|Any CPU
		{FCC83E75-227E-4E4D-81F8-3697FAE110C3}.Debug|Any CPU.Build.0 = Debug|Any CPU
		{FCC83E75-227E-4E4D-81F8-3697FAE110C3}.Release|Any CPU.ActiveCfg = Release|Any CPU
		{FCC83E75-227E-4E4D-81F8-3697FAE110C3}.Release|Any CPU.Build.0 = Release|Any CPU
		{62687B6D-BB9C-4639-B9CE-4288289BFF99}.Debug|Any CPU.ActiveCfg = Debug|Any CPU
		{62687B6D-BB9C-4639-B9CE-4288289BFF99}.Debug|Any CPU.Build.0 = Debug|Any CPU
		{62687B6D-BB9C-4639-B9CE-4288289BFF99}.Release|Any CPU.ActiveCfg = Release|Any CPU
		{62687B6D-BB9C-4639-B9CE-4288289BFF99}.Release|Any CPU.Build.0 = Release|Any CPU
	EndGlobalSection
	GlobalSection(SolutionProperties) = preSolution
		HideSolutionNode = FALSE
	EndGlobalSection
	GlobalSection(ExtensibilityGlobals) = postSolution
		SolutionGuid = {BCF4C2DF-8BBD-42FB-AFD4-1CF2A965E9C4}
	EndGlobalSection
EndGlobal
